
Microsoft Visual Studio Solution File, Format Version 12.00
# Visual Studio Version 17
VisualStudioVersion = 17.8.34316.72
MinimumVisualStudioVersion = 10.0.40219.1
Project("{FAE04EC0-301F-11D3-BF4B-00C04F79EFBC}") = "Task4.1", "Task4.1.csproj", "{0CBBA82C-BA15-4BA2-BF88-D61904142AAD}"
EndProject
Global
	GlobalSection(SolutionConfigurationPlatforms) = preSolution
		Debug|Any CPU = Debug|Any CPU
		Release|Any CPU = Release|Any CPU
	EndGlobalSection
	GlobalSection(ProjectConfigurationPlatforms) = postSolution
		{0CBBA82C-BA15-4BA2-BF88-D61904142AAD}.Debug|Any CPU.ActiveCfg = Debug|Any CPU
		{0CBBA82C-BA15-4BA2-BF88-D61904142AAD}.Debug|Any CPU.Build.0 = Debug|Any CPU
		{0CBBA82C-BA15-4BA2-BF88-D61904142AAD}.Release|Any CPU.ActiveCfg = Release|Any CPU
		{0CBBA82C-BA15-4BA2-BF88-D61904142AAD}.Release|Any CPU.Build.0 = Release|Any CPU
	EndGlobalSection
	GlobalSection(SolutionProperties) = preSolution
		HideSolutionNode = FALSE
	EndGlobalSection
	GlobalSection(ExtensibilityGlobals) = postSolution
		SolutionGuid = {B3AEF641-94FE-4BE6-82CB-B9BC9977BDB7}
	EndGlobalSection
EndGlobal
