
Microsoft Visual Studio Solution File, Format Version 12.00
# Visual Studio Version 17
VisualStudioVersion = 17.7.34221.43
MinimumVisualStudioVersion = 10.0.40219.1
Project("{FAE04EC0-301F-11D3-BF4B-00C04F79EFBC}") = "Task2.3", "Task2.3.csproj", "{B67B47A0-DB43-4876-A1ED-90EE6036A91A}"
EndProject
Global
	GlobalSection(SolutionConfigurationPlatforms) = preSolution
		Debug|Any CPU = Debug|Any CPU
		Release|Any CPU = Release|Any CPU
	EndGlobalSection
	GlobalSection(ProjectConfigurationPlatforms) = postSolution
		{B67B47A0-DB43-4876-A1ED-90EE6036A91A}.Debug|Any CPU.ActiveCfg = Debug|Any CPU
		{B67B47A0-DB43-4876-A1ED-90EE6036A91A}.Debug|Any CPU.Build.0 = Debug|Any CPU
		{B67B47A0-DB43-4876-A1ED-90EE6036A91A}.Release|Any CPU.ActiveCfg = Release|Any CPU
		{B67B47A0-DB43-4876-A1ED-90EE6036A91A}.Release|Any CPU.Build.0 = Release|Any CPU
	EndGlobalSection
	GlobalSection(SolutionProperties) = preSolution
		HideSolutionNode = FALSE
	EndGlobalSection
	GlobalSection(ExtensibilityGlobals) = postSolution
		SolutionGuid = {952FA154-7BD6-49F8-A23C-198D1625B705}
	EndGlobalSection
EndGlobal
