
Microsoft Visual Studio Solution File, Format Version 12.00
# Visual Studio Version 17
VisualStudioVersion = 17.8.34309.116
MinimumVisualStudioVersion = 10.0.40219.1
Project("{FAE04EC0-301F-11D3-BF4B-00C04F79EFBC}") = "Task3.1", "Task3.1.csproj", "{51AB0837-22BA-4546-A939-0B81E588545F}"
EndProject
Global
	GlobalSection(SolutionConfigurationPlatforms) = preSolution
		Debug|Any CPU = Debug|Any CPU
		Release|Any CPU = Release|Any CPU
	EndGlobalSection
	GlobalSection(ProjectConfigurationPlatforms) = postSolution
		{51AB0837-22BA-4546-A939-0B81E588545F}.Debug|Any CPU.ActiveCfg = Debug|Any CPU
		{51AB0837-22BA-4546-A939-0B81E588545F}.Debug|Any CPU.Build.0 = Debug|Any CPU
		{51AB0837-22BA-4546-A939-0B81E588545F}.Release|Any CPU.ActiveCfg = Release|Any CPU
		{51AB0837-22BA-4546-A939-0B81E588545F}.Release|Any CPU.Build.0 = Release|Any CPU
	EndGlobalSection
	GlobalSection(SolutionProperties) = preSolution
		HideSolutionNode = FALSE
	EndGlobalSection
	GlobalSection(ExtensibilityGlobals) = postSolution
		SolutionGuid = {2B7567B2-31F7-4C3D-A5FF-205A8088D8B4}
	EndGlobalSection
EndGlobal
