
Microsoft Visual Studio Solution File, Format Version 12.00
# Visual Studio Version 17
VisualStudioVersion = 17.7.34221.43
MinimumVisualStudioVersion = 10.0.40219.1
Project("{FAE04EC0-301F-11D3-BF4B-00C04F79EFBC}") = "Task1.3", "Task1.3.csproj", "{186AF6C4-894D-4F2D-9E3E-F7CD41081592}"
EndProject
Global
	GlobalSection(SolutionConfigurationPlatforms) = preSolution
		Debug|Any CPU = Debug|Any CPU
		Release|Any CPU = Release|Any CPU
	EndGlobalSection
	GlobalSection(ProjectConfigurationPlatforms) = postSolution
		{186AF6C4-894D-4F2D-9E3E-F7CD41081592}.Debug|Any CPU.ActiveCfg = Debug|Any CPU
		{186AF6C4-894D-4F2D-9E3E-F7CD41081592}.Debug|Any CPU.Build.0 = Debug|Any CPU
		{186AF6C4-894D-4F2D-9E3E-F7CD41081592}.Release|Any CPU.ActiveCfg = Release|Any CPU
		{186AF6C4-894D-4F2D-9E3E-F7CD41081592}.Release|Any CPU.Build.0 = Release|Any CPU
	EndGlobalSection
	GlobalSection(SolutionProperties) = preSolution
		HideSolutionNode = FALSE
	EndGlobalSection
	GlobalSection(ExtensibilityGlobals) = postSolution
		SolutionGuid = {A2B70981-9E14-4A88-9BA6-0BC55AE37250}
	EndGlobalSection
EndGlobal
